
Microsoft Visual Studio Solution File, Format Version 12.00
# Visual Studio 15
VisualStudioVersion = 15.0.28010.2036
MinimumVisualStudioVersion = 10.0.40219.1
Project("{FAE04EC0-301F-11D3-BF4B-00C04F79EFBC}") = "tileMaker_test", "tileMaker_test\tileMaker_test.csproj", "{FBFB3CC9-B94C-447D-B6C0-880B2F30C031}"
EndProject
Global
	GlobalSection(SolutionConfigurationPlatforms) = preSolution
		Debug|Any CPU = Debug|Any CPU
		Release|Any CPU = Release|Any CPU
	EndGlobalSection
	GlobalSection(ProjectConfigurationPlatforms) = postSolution
		{FBFB3CC9-B94C-447D-B6C0-880B2F30C031}.Debug|Any CPU.ActiveCfg = Debug|Any CPU
		{FBFB3CC9-B94C-447D-B6C0-880B2F30C031}.Debug|Any CPU.Build.0 = Debug|Any CPU
		{FBFB3CC9-B94C-447D-B6C0-880B2F30C031}.Release|Any CPU.ActiveCfg = Release|Any CPU
		{FBFB3CC9-B94C-447D-B6C0-880B2F30C031}.Release|Any CPU.Build.0 = Release|Any CPU
	EndGlobalSection
	GlobalSection(SolutionProperties) = preSolution
		HideSolutionNode = FALSE
	EndGlobalSection
	GlobalSection(ExtensibilityGlobals) = postSolution
		SolutionGuid = {D184B90D-5F8D-46C6-8BD6-9DE28BE73A43}
	EndGlobalSection
EndGlobal
